
Microsoft Visual Studio Solution File, Format Version 12.00
# Visual Studio 15
VisualStudioVersion = 15.0.26730.12
MinimumVisualStudioVersion = 10.0.40219.1
Project("{FAE04EC0-301F-11D3-BF4B-00C04F79EFBC}") = "FavouriteAnimals", "FavouriteAnimals\FavouriteAnimals.csproj", "{B3C5DF49-2223-4416-B201-85A33332F5CE}"
EndProject
Global
	GlobalSection(SolutionConfigurationPlatforms) = preSolution
		Debug|Any CPU = Debug|Any CPU
		Release|Any CPU = Release|Any CPU
	EndGlobalSection
	GlobalSection(ProjectConfigurationPlatforms) = postSolution
		{B3C5DF49-2223-4416-B201-85A33332F5CE}.Debug|Any CPU.ActiveCfg = Debug|Any CPU
		{B3C5DF49-2223-4416-B201-85A33332F5CE}.Debug|Any CPU.Build.0 = Debug|Any CPU
		{B3C5DF49-2223-4416-B201-85A33332F5CE}.Release|Any CPU.ActiveCfg = Release|Any CPU
		{B3C5DF49-2223-4416-B201-85A33332F5CE}.Release|Any CPU.Build.0 = Release|Any CPU
	EndGlobalSection
	GlobalSection(SolutionProperties) = preSolution
		HideSolutionNode = FALSE
	EndGlobalSection
	GlobalSection(ExtensibilityGlobals) = postSolution
		SolutionGuid = {0A369CBA-FDD0-4A6B-9243-41335D926552}
	EndGlobalSection
EndGlobal
